<?xml version="1.0" encoding="utf-8"?>
<Project ToolsVersion="4.0" xmlns="http://schemas.microsoft.com/developer/msbuild/2003">
  <ItemGroup>
    <Filter Include="Archivos de origen">
      <UniqueIdentifier>{4FC737F1-C7A5-4376-A066-2A32D752A2FF}</UniqueIdentifier>
      <Extensions>cpp;c;cc;cxx;def;odl;idl;hpj;bat;asm;asmx</Extensions>
    </Filter>
    <Filter Include="Archivos de encabezado">
      <UniqueIdentifier>{93995380-89BD-4b04-88EB-625FBE52EBFB}</UniqueIdentifier>
      <Extensions>h;hh;hpp;hxx;hm;inl;inc;ipp;xsd</Extensions>
    </Filter>
    <Filter Include="Archivos de recursos">
      <UniqueIdentifier>{67DA6AB6-F800-4c08-8B7A-83BB121AAD01}</UniqueIdentifier>
      <Extensions>rc;ico;cur;bmp;dlg;rc2;rct;bin;rgs;gif;jpg;jpeg;jpe;resx;tiff;tif;png;wav;mfcribbon-ms</Extensions>
    </Filter>
  </ItemGroup>
  <ItemGroup>
    <Text Include="Epinions.txt">
      <Filter>Archivos de recursos</Filter>
    </Text>
    <Text Include="Xarxa1.txt">
      <Filter>Archivos de recursos</Filter>
    </Text>
    <Text Include="SubEpinions2Ordenat.txt">
      <Filter>Archivos de recursos</Filter>
    </Text>
    <Text Include="EpinionsOrdenat.txt">
      <Filter>Archivos de recursos</Filter>
    </Text>
    <Text Include="SubEpinions2.txt">
      <Filter>Archivos de recursos</Filter>
    </Text>
    <Text Include="MatDivEpiOrdenatCOORDEsperat.txt">
      <Filter>Archivos de recursos</Filter>
    </Text>
    <Text Include="MatDivSubEpi2OrdenatCOORDEsperat.txt">
      <Filter>Archivos de recursos</Filter>
    </Text>
    <Text Include="MatDivX1COORDEsperat.txt">
      <Filter>Archivos de recursos</Filter>
    </Text>
    <Text Include="MatProdEpiOrdenatCOORDEsperat.txt">
      <Filter>Archivos de recursos</Filter>
    </Text>
    <Text Include="MatProdSubEpi2OrdenatCOORDEsperat.txt">
      <Filter>Archivos de recursos</Filter>
    </Text>
    <Text Include="MatProdX1COORDEsperat.txt">
      <Filter>Archivos de recursos</Filter>
    </Text>
    <Text Include="ResEpiOrdenatCOORDEsperat.txt">
      <Filter>Archivos de recursos</Filter>
    </Text>
    <Text Include="ResSubEpi2OrdenatCOORDEsperat.txt">
      <Filter>Archivos de recursos</Filter>
    </Text>
    <Text Include="ResX1COORD.txt">
      <Filter>Archivos de recursos</Filter>
    </Text>
    <Text Include="ResX1COORDEsperat.txt">
      <Filter>Archivos de recursos</Filter>
    </Text>
    <Text Include="VectProdEpiOrdenatCOORDEsperat.txt">
      <Filter>Archivos de recursos</Filter>
    </Text>
    <Text Include="VectProdSubEpi2OrdenatCOORDEsperat.txt">
      <Filter>Archivos de recursos</Filter>
    </Text>
    <Text Include="VectProdSubEpi2OrdenatEsperat.txt">
      <Filter>Archivos de recursos</Filter>
    </Text>
    <Text Include="VectProdX1COORDEsperat.txt">
      <Filter>Archivos de recursos</Filter>
    </Text>
    <Text Include="VectProdX1Esperat.txt">
      <Filter>Archivos de recursos</Filter>
    </Text>
    <Text Include="MatDivSubEpi2OrdenatCOORD.txt">
      <Filter>Archivos de recursos</Filter>
    </Text>
    <Text Include="MatDivX1COORD.txt">
      <Filter>Archivos de recursos</Filter>
    </Text>
    <Text Include="MatProdSubEpi2OrdenatCOORD.txt">
      <Filter>Archivos de recursos</Filter>
    </Text>
    <Text Include="ResCompMatDivSubEpi2Ordenat.txt">
      <Filter>Archivos de recursos</Filter>
    </Text>
    <Text Include="MatProdX1COORD.txt">
      <Filter>Archivos de recursos</Filter>
    </Text>
    <Text Include="ResSubEpi2OrdenatCOORD.txt">
      <Filter>Archivos de recursos</Filter>
    </Text>
    <Text Include="VectProdX1COORD.txt">
      <Filter>Archivos de recursos</Filter>
    </Text>
    <Text Include="ResCompVectProdX1.txt">
      <Filter>Archivos de recursos</Filter>
    </Text>
    <Text Include="MatDivEpiOrdenatCOORD.txt">
      <Filter>Archivos de recursos</Filter>
    </Text>
    <Text Include="MatProdEpiOrdenatCOORD.txt">
      <Filter>Archivos de recursos</Filter>
    </Text>
    <Text Include="ResComparaSubEpi2Ordenat.txt">
      <Filter>Archivos de recursos</Filter>
    </Text>
    <Text Include="ResComparaX1.txt">
      <Filter>Archivos de recursos</Filter>
    </Text>
    <Text Include="ResCompEpiOrdenat.txt">
      <Filter>Archivos de recursos</Filter>
    </Text>
    <Text Include="ResCompMatDivEpiOrdenat.txt">
      <Filter>Archivos de recursos</Filter>
    </Text>
    <Text Include="ResCompMatDivX1.txt">
      <Filter>Archivos de recursos</Filter>
    </Text>
    <Text Include="ResCompMatProdEpiOrdenat.txt">
      <Filter>Archivos de recursos</Filter>
    </Text>
    <Text Include="ResCompMatProdSubEpi2Ordenat.txt">
      <Filter>Archivos de recursos</Filter>
    </Text>
    <Text Include="ResCompMatProdX1.txt">
      <Filter>Archivos de recursos</Filter>
    </Text>
    <Text Include="ResCompVectProdEpiOrdenat.txt">
      <Filter>Archivos de recursos</Filter>
    </Text>
    <Text Include="ResCompVectProdSubEpi2Ordenat.txt">
      <Filter>Archivos de recursos</Filter>
    </Text>
    <Text Include="ResEpiOrdenatCOORD.txt">
      <Filter>Archivos de recursos</Filter>
    </Text>
    <Text Include="VectProdEpiOrdenatCOORD.txt">
      <Filter>Archivos de recursos</Filter>
    </Text>
    <Text Include="VectProdSubEpi2OrdenatCOORD.txt">
      <Filter>Archivos de recursos</Filter>
    </Text>
  </ItemGroup>
  <ItemGroup>
    <ClCompile Include="main.cpp">
      <Filter>Archivos de origen</Filter>
    </ClCompile>
    <ClCompile Include="MatriuBasica.cpp">
      <Filter>Archivos de origen</Filter>
    </ClCompile>
    <ClCompile Include="MatriuSparse.cpp">
      <Filter>Archivos de origen</Filter>
    </ClCompile>
    <ClCompile Include="Coordinates.cpp">
      <Filter>Archivos de origen</Filter>
    </ClCompile>
  </ItemGroup>
  <ItemGroup>
    <ClInclude Include="MatriuBasica.h">
      <Filter>Archivos de encabezado</Filter>
    </ClInclude>
    <ClInclude Include="MatriuSparse.h">
      <Filter>Archivos de encabezado</Filter>
    </ClInclude>
    <ClInclude Include="Coordinates.h">
      <Filter>Archivos de encabezado</Filter>
    </ClInclude>
  </ItemGroup>
</Project>